
Microsoft Visual Studio Solution File, Format Version 12.00
# Visual Studio Version 17
VisualStudioVersion = 17.5.33627.172
MinimumVisualStudioVersion = 10.0.40219.1
Project("{FAE04EC0-301F-11D3-BF4B-00C04F79EFBC}") = "ConnectMySQL", "ConnectMySQL\ConnectMySQL.csproj", "{F2FA4781-E09A-4898-988F-112B035C7002}"
EndProject
Global
	GlobalSection(SolutionConfigurationPlatforms) = preSolution
		Debug|Any CPU = Debug|Any CPU
		Release|Any CPU = Release|Any CPU
	EndGlobalSection
	GlobalSection(ProjectConfigurationPlatforms) = postSolution
		{F2FA4781-E09A-4898-988F-112B035C7002}.Debug|Any CPU.ActiveCfg = Debug|Any CPU
		{F2FA4781-E09A-4898-988F-112B035C7002}.Debug|Any CPU.Build.0 = Debug|Any CPU
		{F2FA4781-E09A-4898-988F-112B035C7002}.Release|Any CPU.ActiveCfg = Release|Any CPU
		{F2FA4781-E09A-4898-988F-112B035C7002}.Release|Any CPU.Build.0 = Release|Any CPU
	EndGlobalSection
	GlobalSection(SolutionProperties) = preSolution
		HideSolutionNode = FALSE
	EndGlobalSection
	GlobalSection(ExtensibilityGlobals) = postSolution
		SolutionGuid = {DA47D6D1-9DE1-403D-BDE9-7353A6324CA6}
	EndGlobalSection
EndGlobal
